
Microsoft Visual Studio Solution File, Format Version 12.00
# Visual Studio Version 17
VisualStudioVersion = 17.5.33530.505
MinimumVisualStudioVersion = 10.0.40219.1
Project("{FAE04EC0-301F-11D3-BF4B-00C04F79EFBC}") = "P013EStore.MVCUI", "P013EStore.MVCUI\P013EStore.MVCUI.csproj", "{86500B94-F71F-4716-A44A-C814229C2856}"
EndProject
Project("{FAE04EC0-301F-11D3-BF4B-00C04F79EFBC}") = "P013EStore.Core", "P013EStore.Core\P013EStore.Core.csproj", "{5F2CA93B-08DD-436B-B1E4-E33D04BC9127}"
EndProject
Global
	GlobalSection(SolutionConfigurationPlatforms) = preSolution
		Debug|Any CPU = Debug|Any CPU
		Release|Any CPU = Release|Any CPU
	EndGlobalSection
	GlobalSection(ProjectConfigurationPlatforms) = postSolution
		{86500B94-F71F-4716-A44A-C814229C2856}.Debug|Any CPU.ActiveCfg = Debug|Any CPU
		{86500B94-F71F-4716-A44A-C814229C2856}.Debug|Any CPU.Build.0 = Debug|Any CPU
		{86500B94-F71F-4716-A44A-C814229C2856}.Release|Any CPU.ActiveCfg = Release|Any CPU
		{86500B94-F71F-4716-A44A-C814229C2856}.Release|Any CPU.Build.0 = Release|Any CPU
		{5F2CA93B-08DD-436B-B1E4-E33D04BC9127}.Debug|Any CPU.ActiveCfg = Debug|Any CPU
		{5F2CA93B-08DD-436B-B1E4-E33D04BC9127}.Debug|Any CPU.Build.0 = Debug|Any CPU
		{5F2CA93B-08DD-436B-B1E4-E33D04BC9127}.Release|Any CPU.ActiveCfg = Release|Any CPU
		{5F2CA93B-08DD-436B-B1E4-E33D04BC9127}.Release|Any CPU.Build.0 = Release|Any CPU
	EndGlobalSection
	GlobalSection(SolutionProperties) = preSolution
		HideSolutionNode = FALSE
	EndGlobalSection
	GlobalSection(ExtensibilityGlobals) = postSolution
		SolutionGuid = {A561F3B5-6776-425E-A0F6-6293864B2D58}
	EndGlobalSection
EndGlobal
